# This file is autogenerated, do not edit; changes may be undone by the next 'dep ensure'.


[[projects]]
  branch = "master"
  name = "github.com/RichardKnop/logging"
  packages = ["."]
  revision = "8692ae85bb7c50aadb496ffd6fb58a76300eaab1"

[[projects]]
  name = "github.com/RichardKnop/machinery"
  packages = ["v1","v1/backends","v1/brokers","v1/config","v1/log","v1/retry","v1/tasks"]
  revision = "fdcbe0ff6b8592b8ebc65f76fd63af3f6f90c3a7"

[[projects]]
  branch = "master"
  name = "github.com/bradfitz/gomemcache"
  packages = ["memcache"]
  revision = "1952afaa557dc08e8e0d89eafab110fb501c1a2b"

[[projects]]
  name = "github.com/garyburd/redigo"
  packages = ["internal","redis"]
  revision = "433969511232c397de61b1442f9fd49ec06ae9ba"
  version = "v1.1.0"

[[projects]]
  name = "github.com/satori/go.uuid"
  packages = ["."]
  revision = "879c5887cd475cd7864858769793b2ceb0d44feb"
  version = "v1.1.0"

[[projects]]
  branch = "master"
  name = "github.com/streadway/amqp"
  packages = ["."]
  revision = "dfe15e36048539f4cda41f240b27a5ca25b9cd46"

[[projects]]
  branch = "master"
  name = "github.com/urfave/cli"
  packages = ["."]
  revision = "d70f47eeca3afd795160003bc6e28b001d60c67c"

[[projects]]
  branch = "v2"
  name = "gopkg.in/mgo.v2"
  packages = [".","bson","internal/json","internal/sasl","internal/scram"]
  revision = "3f83fa5005286a7fe593b055f0d7771a7dce4655"

[[projects]]
  name = "gopkg.in/redsync.v1"
  packages = ["."]
  revision = "98dabdf1c8574561bf976911c14ff652c47b1ddf"
  version = "v1.0.1"

[[projects]]
  branch = "v2"
  name = "gopkg.in/yaml.v2"
  packages = ["."]
  revision = "cd8b52f8269e0feb286dfeef29f8fe4d5b397e0b"

[solve-meta]
  analyzer-name = "dep"
  analyzer-version = 1
  inputs-digest = "301bca2a3ba9b1163b027f925c8473e1c3ef52989bc5f9a92d4dd2d5b8286804"
  solver-name = "gps-cdcl"
  solver-version = 1
